// !$*UTF8*$!
{
	archiveVersion = 1;
	classes = {
	};
	objectVersion = 46;
	objects = {

/* Begin PBXBuildFile section */
		DC1A8C501EA92D7A00E0DEC2 /* main.m in Sources */ = {isa = PBXBuildFile; fileRef = DC1A8C4F1EA92D7A00E0DEC2 /* main.m */; };
		DC1A8C531EA92D7A00E0DEC2 /* AppDelegate.m in Sources */ = {isa = PBXBuildFile; fileRef = DC1A8C521EA92D7A00E0DEC2 /* AppDelegate.m */; };
		DC1A8C561EA92D7A00E0DEC2 /* SMPlayViewController.m in Sources */ = {isa = PBXBuildFile; fileRef = DC1A8C551EA92D7A00E0DEC2 /* SMPlayViewController.m */; };
		DC1A8C591EA92D7A00E0DEC2 /* Main.storyboard in Resources */ = {isa = PBXBuildFile; fileRef = DC1A8C571EA92D7A00E0DEC2 /* Main.storyboard */; };
		DC1A8C5B1EA92D7A00E0DEC2 /* Assets.xcassets in Resources */ = {isa = PBXBuildFile; fileRef = DC1A8C5A1EA92D7A00E0DEC2 /* Assets.xcassets */; };
		DC1A8C5E1EA92D7A00E0DEC2 /* LaunchScreen.storyboard in Resources */ = {isa = PBXBuildFile; fileRef = DC1A8C5C1EA92D7A00E0DEC2 /* LaunchScreen.storyboard */; };
		DC22DA9C1F72C39800B8E85C /* SnakeGameTests.m in Sources */ = {isa = PBXBuildFile; fileRef = DC22DA9B1F72C39800B8E85C /* SnakeGameTests.m */; };
		DC22DAA81F72CFB000B8E85C /* SMGameModel.m in Sources */ = {isa = PBXBuildFile; fileRef = DC22DAA71F72CFB000B8E85C /* SMGameModel.m */; };
		DC22DAB11F7974DD00B8E85C /* SMMainViewController.m in Sources */ = {isa = PBXBuildFile; fileRef = DC22DAB01F7974DD00B8E85C /* SMMainViewController.m */; };
		DC22DAB41F7A889000B8E85C /* SMGameModeViewController.m in Sources */ = {isa = PBXBuildFile; fileRef = DC22DAB31F7A889000B8E85C /* SMGameModeViewController.m */; };
		DC22DAB91F7A88DF00B8E85C /* SMCustomButton.m in Sources */ = {isa = PBXBuildFile; fileRef = DC22DAB81F7A88DF00B8E85C /* SMCustomButton.m */; };
		DC22DABC1F7A8E6B00B8E85C /* SMCustomView.m in Sources */ = {isa = PBXBuildFile; fileRef = DC22DABB1F7A8E6B00B8E85C /* SMCustomView.m */; };
		DC22DABF1F7AA4DD00B8E85C /* SMSettingsViewController.m in Sources */ = {isa = PBXBuildFile; fileRef = DC22DABE1F7AA4DD00B8E85C /* SMSettingsViewController.m */; };
		DC22DAC21F7AA56F00B8E85C /* SMSettingsButton.m in Sources */ = {isa = PBXBuildFile; fileRef = DC22DAC11F7AA56F00B8E85C /* SMSettingsButton.m */; };
		DC22DAC51F7D14EC00B8E85C /* SMFreeGameSettingsViewController.m in Sources */ = {isa = PBXBuildFile; fileRef = DC22DAC41F7D14EC00B8E85C /* SMFreeGameSettingsViewController.m */; };
		DC22DAC81F7D164E00B8E85C /* SMCustomNavigationBar.m in Sources */ = {isa = PBXBuildFile; fileRef = DC22DAC71F7D164E00B8E85C /* SMCustomNavigationBar.m */; };
		DC22DACB1F7D64BD00B8E85C /* SMBottomMenuView.m in Sources */ = {isa = PBXBuildFile; fileRef = DC22DACA1F7D64BD00B8E85C /* SMBottomMenuView.m */; };
		DC22DACE1F7D6B9800B8E85C /* SMChooseButtonView.m in Sources */ = {isa = PBXBuildFile; fileRef = DC22DACD1F7D6B9800B8E85C /* SMChooseButtonView.m */; };
		DC22DAD11F7E2E6E00B8E85C /* SMFreeGameSettings.m in Sources */ = {isa = PBXBuildFile; fileRef = DC22DAD01F7E2E6E00B8E85C /* SMFreeGameSettings.m */; };
		DC22DAD41F7E4F2900B8E85C /* SMArcadeGameSettings.m in Sources */ = {isa = PBXBuildFile; fileRef = DC22DAD31F7E4F2900B8E85C /* SMArcadeGameSettings.m */; };
		DC6B60C81EFA8613007D1D00 /* SMPlayground.m in Sources */ = {isa = PBXBuildFile; fileRef = DC6B60C71EFA8613007D1D00 /* SMPlayground.m */; };
		DC6B60C91EFA8D5E007D1D00 /* SMSnakeEngineModel.m in Sources */ = {isa = PBXBuildFile; fileRef = DC6B60C41EFA8602007D1D00 /* SMSnakeEngineModel.m */; };
		DC6B60CA1EFA9AB2007D1D00 /* SMSnakeEngineModel.h in Sources */ = {isa = PBXBuildFile; fileRef = DC6B60C31EFA8602007D1D00 /* SMSnakeEngineModel.h */; };
/* End PBXBuildFile section */

/* Begin PBXContainerItemProxy section */
		DC22DA9E1F72C39800B8E85C /* PBXContainerItemProxy */ = {
			isa = PBXContainerItemProxy;
			containerPortal = DC1A8C431EA92D7A00E0DEC2 /* Project object */;
			proxyType = 1;
			remoteGlobalIDString = DC1A8C4A1EA92D7A00E0DEC2;
			remoteInfo = SnakeGame;
		};
/* End PBXContainerItemProxy section */

/* Begin PBXFileReference section */
		DC1A8C4B1EA92D7A00E0DEC2 /* SnakeGame.app */ = {isa = PBXFileReference; explicitFileType = wrapper.application; includeInIndex = 0; path = SnakeGame.app; sourceTree = BUILT_PRODUCTS_DIR; };
		DC1A8C4F1EA92D7A00E0DEC2 /* main.m */ = {isa = PBXFileReference; lastKnownFileType = sourcecode.c.objc; path = main.m; sourceTree = "<group>"; };
		DC1A8C511EA92D7A00E0DEC2 /* AppDelegate.h */ = {isa = PBXFileReference; lastKnownFileType = sourcecode.c.h; path = AppDelegate.h; sourceTree = "<group>"; };
		DC1A8C521EA92D7A00E0DEC2 /* AppDelegate.m */ = {isa = PBXFileReference; lastKnownFileType = sourcecode.c.objc; path = AppDelegate.m; sourceTree = "<group>"; };
		DC1A8C541EA92D7A00E0DEC2 /* SMPlayViewController.h */ = {isa = PBXFileReference; lastKnownFileType = sourcecode.c.h; path = SMPlayViewController.h; sourceTree = "<group>"; };
		DC1A8C551EA92D7A00E0DEC2 /* SMPlayViewController.m */ = {isa = PBXFileReference; lastKnownFileType = sourcecode.c.objc; path = SMPlayViewController.m; sourceTree = "<group>"; };
		DC1A8C581EA92D7A00E0DEC2 /* Base */ = {isa = PBXFileReference; lastKnownFileType = file.storyboard; name = Base; path = Base.lproj/Main.storyboard; sourceTree = "<group>"; };
		DC1A8C5A1EA92D7A00E0DEC2 /* Assets.xcassets */ = {isa = PBXFileReference; lastKnownFileType = folder.assetcatalog; path = Assets.xcassets; sourceTree = "<group>"; };
		DC1A8C5D1EA92D7A00E0DEC2 /* Base */ = {isa = PBXFileReference; lastKnownFileType = file.storyboard; name = Base; path = Base.lproj/LaunchScreen.storyboard; sourceTree = "<group>"; };
		DC1A8C5F1EA92D7A00E0DEC2 /* Info.plist */ = {isa = PBXFileReference; lastKnownFileType = text.plist.xml; path = Info.plist; sourceTree = "<group>"; };
		DC22DA991F72C39800B8E85C /* SnakeGameTests.xctest */ = {isa = PBXFileReference; explicitFileType = wrapper.cfbundle; includeInIndex = 0; path = SnakeGameTests.xctest; sourceTree = BUILT_PRODUCTS_DIR; };
		DC22DA9B1F72C39800B8E85C /* SnakeGameTests.m */ = {isa = PBXFileReference; lastKnownFileType = sourcecode.c.objc; path = SnakeGameTests.m; sourceTree = "<group>"; };
		DC22DA9D1F72C39800B8E85C /* Info.plist */ = {isa = PBXFileReference; lastKnownFileType = text.plist.xml; path = Info.plist; sourceTree = "<group>"; };
		DC22DAA61F72CFB000B8E85C /* SMGameModel.h */ = {isa = PBXFileReference; fileEncoding = 4; lastKnownFileType = sourcecode.c.h; path = SMGameModel.h; sourceTree = "<group>"; };
		DC22DAA71F72CFB000B8E85C /* SMGameModel.m */ = {isa = PBXFileReference; fileEncoding = 4; lastKnownFileType = sourcecode.c.objc; path = SMGameModel.m; sourceTree = "<group>"; };
		DC22DAAF1F7974DD00B8E85C /* SMMainViewController.h */ = {isa = PBXFileReference; fileEncoding = 4; lastKnownFileType = sourcecode.c.h; path = SMMainViewController.h; sourceTree = "<group>"; };
		DC22DAB01F7974DD00B8E85C /* SMMainViewController.m */ = {isa = PBXFileReference; fileEncoding = 4; lastKnownFileType = sourcecode.c.objc; path = SMMainViewController.m; sourceTree = "<group>"; };
		DC22DAB21F7A889000B8E85C /* SMGameModeViewController.h */ = {isa = PBXFileReference; fileEncoding = 4; lastKnownFileType = sourcecode.c.h; path = SMGameModeViewController.h; sourceTree = "<group>"; };
		DC22DAB31F7A889000B8E85C /* SMGameModeViewController.m */ = {isa = PBXFileReference; fileEncoding = 4; lastKnownFileType = sourcecode.c.objc; path = SMGameModeViewController.m; sourceTree = "<group>"; };
		DC22DAB71F7A88DF00B8E85C /* SMCustomButton.h */ = {isa = PBXFileReference; fileEncoding = 4; lastKnownFileType = sourcecode.c.h; path = SMCustomButton.h; sourceTree = "<group>"; };
		DC22DAB81F7A88DF00B8E85C /* SMCustomButton.m */ = {isa = PBXFileReference; fileEncoding = 4; lastKnownFileType = sourcecode.c.objc; path = SMCustomButton.m; sourceTree = "<group>"; };
		DC22DABA1F7A8E6B00B8E85C /* SMCustomView.h */ = {isa = PBXFileReference; fileEncoding = 4; lastKnownFileType = sourcecode.c.h; path = SMCustomView.h; sourceTree = "<group>"; };
		DC22DABB1F7A8E6B00B8E85C /* SMCustomView.m */ = {isa = PBXFileReference; fileEncoding = 4; lastKnownFileType = sourcecode.c.objc; path = SMCustomView.m; sourceTree = "<group>"; };
		DC22DABD1F7AA4DD00B8E85C /* SMSettingsViewController.h */ = {isa = PBXFileReference; fileEncoding = 4; lastKnownFileType = sourcecode.c.h; path = SMSettingsViewController.h; sourceTree = "<group>"; };
		DC22DABE1F7AA4DD00B8E85C /* SMSettingsViewController.m */ = {isa = PBXFileReference; fileEncoding = 4; lastKnownFileType = sourcecode.c.objc; path = SMSettingsViewController.m; sourceTree = "<group>"; };
		DC22DAC01F7AA56F00B8E85C /* SMSettingsButton.h */ = {isa = PBXFileReference; fileEncoding = 4; lastKnownFileType = sourcecode.c.h; path = SMSettingsButton.h; sourceTree = "<group>"; };
		DC22DAC11F7AA56F00B8E85C /* SMSettingsButton.m */ = {isa = PBXFileReference; fileEncoding = 4; lastKnownFileType = sourcecode.c.objc; path = SMSettingsButton.m; sourceTree = "<group>"; };
		DC22DAC31F7D14EC00B8E85C /* SMFreeGameSettingsViewController.h */ = {isa = PBXFileReference; fileEncoding = 4; lastKnownFileType = sourcecode.c.h; path = SMFreeGameSettingsViewController.h; sourceTree = "<group>"; };
		DC22DAC41F7D14EC00B8E85C /* SMFreeGameSettingsViewController.m */ = {isa = PBXFileReference; fileEncoding = 4; lastKnownFileType = sourcecode.c.objc; path = SMFreeGameSettingsViewController.m; sourceTree = "<group>"; };
		DC22DAC61F7D164E00B8E85C /* SMCustomNavigationBar.h */ = {isa = PBXFileReference; fileEncoding = 4; lastKnownFileType = sourcecode.c.h; path = SMCustomNavigationBar.h; sourceTree = "<group>"; };
		DC22DAC71F7D164E00B8E85C /* SMCustomNavigationBar.m */ = {isa = PBXFileReference; fileEncoding = 4; lastKnownFileType = sourcecode.c.objc; path = SMCustomNavigationBar.m; sourceTree = "<group>"; };
		DC22DAC91F7D64BD00B8E85C /* SMBottomMenuView.h */ = {isa = PBXFileReference; fileEncoding = 4; lastKnownFileType = sourcecode.c.h; path = SMBottomMenuView.h; sourceTree = "<group>"; };
		DC22DACA1F7D64BD00B8E85C /* SMBottomMenuView.m */ = {isa = PBXFileReference; fileEncoding = 4; lastKnownFileType = sourcecode.c.objc; path = SMBottomMenuView.m; sourceTree = "<group>"; };
		DC22DACC1F7D6B9800B8E85C /* SMChooseButtonView.h */ = {isa = PBXFileReference; fileEncoding = 4; lastKnownFileType = sourcecode.c.h; path = SMChooseButtonView.h; sourceTree = "<group>"; };
		DC22DACD1F7D6B9800B8E85C /* SMChooseButtonView.m */ = {isa = PBXFileReference; fileEncoding = 4; lastKnownFileType = sourcecode.c.objc; path = SMChooseButtonView.m; sourceTree = "<group>"; };
		DC22DACF1F7E2E6E00B8E85C /* SMFreeGameSettings.h */ = {isa = PBXFileReference; fileEncoding = 4; lastKnownFileType = sourcecode.c.h; path = SMFreeGameSettings.h; sourceTree = "<group>"; };
		DC22DAD01F7E2E6E00B8E85C /* SMFreeGameSettings.m */ = {isa = PBXFileReference; fileEncoding = 4; lastKnownFileType = sourcecode.c.objc; path = SMFreeGameSettings.m; sourceTree = "<group>"; };
		DC22DAD21F7E4F2900B8E85C /* SMArcadeGameSettings.h */ = {isa = PBXFileReference; fileEncoding = 4; lastKnownFileType = sourcecode.c.h; path = SMArcadeGameSettings.h; sourceTree = "<group>"; };
		DC22DAD31F7E4F2900B8E85C /* SMArcadeGameSettings.m */ = {isa = PBXFileReference; fileEncoding = 4; lastKnownFileType = sourcecode.c.objc; path = SMArcadeGameSettings.m; sourceTree = "<group>"; };
		DC6B60C31EFA8602007D1D00 /* SMSnakeEngineModel.h */ = {isa = PBXFileReference; fileEncoding = 4; lastKnownFileType = sourcecode.c.h; path = SMSnakeEngineModel.h; sourceTree = "<group>"; };
		DC6B60C41EFA8602007D1D00 /* SMSnakeEngineModel.m */ = {isa = PBXFileReference; fileEncoding = 4; lastKnownFileType = sourcecode.c.objc; path = SMSnakeEngineModel.m; sourceTree = "<group>"; };
		DC6B60C61EFA8613007D1D00 /* SMPlayground.h */ = {isa = PBXFileReference; fileEncoding = 4; lastKnownFileType = sourcecode.c.h; path = SMPlayground.h; sourceTree = "<group>"; };
		DC6B60C71EFA8613007D1D00 /* SMPlayground.m */ = {isa = PBXFileReference; fileEncoding = 4; lastKnownFileType = sourcecode.c.objc; path = SMPlayground.m; sourceTree = "<group>"; };
/* End PBXFileReference section */

/* Begin PBXFrameworksBuildPhase section */
		DC1A8C481EA92D7A00E0DEC2 /* Frameworks */ = {
			isa = PBXFrameworksBuildPhase;
			buildActionMask = 2147483647;
			files = (
			);
			runOnlyForDeploymentPostprocessing = 0;
		};
		DC22DA961F72C39800B8E85C /* Frameworks */ = {
			isa = PBXFrameworksBuildPhase;
			buildActionMask = 2147483647;
			files = (
			);
			runOnlyForDeploymentPostprocessing = 0;
		};
/* End PBXFrameworksBuildPhase section */

/* Begin PBXGroup section */
		DC1A8C421EA92D7900E0DEC2 = {
			isa = PBXGroup;
			children = (
				DC1A8C4D1EA92D7A00E0DEC2 /* SnakeGame */,
				DC22DA9A1F72C39800B8E85C /* SnakeGameTests */,
				DC1A8C4C1EA92D7A00E0DEC2 /* Products */,
				DCE0DFF81F4B09E300AAB030 /* Frameworks */,
			);
			sourceTree = "<group>";
		};
		DC1A8C4C1EA92D7A00E0DEC2 /* Products */ = {
			isa = PBXGroup;
			children = (
				DC1A8C4B1EA92D7A00E0DEC2 /* SnakeGame.app */,
				DC22DA991F72C39800B8E85C /* SnakeGameTests.xctest */,
			);
			name = Products;
			sourceTree = "<group>";
		};
		DC1A8C4D1EA92D7A00E0DEC2 /* SnakeGame */ = {
			isa = PBXGroup;
			children = (
				DC22DAB61F7A88CB00B8E85C /* View */,
				DC6B60C21EFA85D8007D1D00 /* Model */,
				DC22DAB51F7A889800B8E85C /* Controller */,
				DC1A8C511EA92D7A00E0DEC2 /* AppDelegate.h */,
				DC1A8C521EA92D7A00E0DEC2 /* AppDelegate.m */,
				DC1A8C571EA92D7A00E0DEC2 /* Main.storyboard */,
				DC1A8C5A1EA92D7A00E0DEC2 /* Assets.xcassets */,
				DC1A8C5C1EA92D7A00E0DEC2 /* LaunchScreen.storyboard */,
				DC1A8C5F1EA92D7A00E0DEC2 /* Info.plist */,
				DC1A8C4E1EA92D7A00E0DEC2 /* Supporting Files */,
			);
			path = SnakeGame;
			sourceTree = "<group>";
		};
		DC1A8C4E1EA92D7A00E0DEC2 /* Supporting Files */ = {
			isa = PBXGroup;
			children = (
				DC1A8C4F1EA92D7A00E0DEC2 /* main.m */,
			);
			name = "Supporting Files";
			sourceTree = "<group>";
		};
		DC22DA9A1F72C39800B8E85C /* SnakeGameTests */ = {
			isa = PBXGroup;
			children = (
				DC22DA9B1F72C39800B8E85C /* SnakeGameTests.m */,
				DC22DA9D1F72C39800B8E85C /* Info.plist */,
			);
			path = SnakeGameTests;
			sourceTree = "<group>";
		};
		DC22DAB51F7A889800B8E85C /* Controller */ = {
			isa = PBXGroup;
			children = (
				DC1A8C541EA92D7A00E0DEC2 /* SMPlayViewController.h */,
				DC1A8C551EA92D7A00E0DEC2 /* SMPlayViewController.m */,
				DC22DAAF1F7974DD00B8E85C /* SMMainViewController.h */,
				DC22DAB01F7974DD00B8E85C /* SMMainViewController.m */,
				DC22DAB21F7A889000B8E85C /* SMGameModeViewController.h */,
				DC22DAB31F7A889000B8E85C /* SMGameModeViewController.m */,
				DC22DABD1F7AA4DD00B8E85C /* SMSettingsViewController.h */,
				DC22DABE1F7AA4DD00B8E85C /* SMSettingsViewController.m */,
				DC22DAC31F7D14EC00B8E85C /* SMFreeGameSettingsViewController.h */,
				DC22DAC41F7D14EC00B8E85C /* SMFreeGameSettingsViewController.m */,
			);
			name = Controller;
			sourceTree = "<group>";
		};
		DC22DAB61F7A88CB00B8E85C /* View */ = {
			isa = PBXGroup;
			children = (
				DC22DAB71F7A88DF00B8E85C /* SMCustomButton.h */,
				DC22DAB81F7A88DF00B8E85C /* SMCustomButton.m */,
				DC22DABA1F7A8E6B00B8E85C /* SMCustomView.h */,
				DC22DABB1F7A8E6B00B8E85C /* SMCustomView.m */,
				DC22DAC91F7D64BD00B8E85C /* SMBottomMenuView.h */,
				DC22DACA1F7D64BD00B8E85C /* SMBottomMenuView.m */,
				DC22DAC01F7AA56F00B8E85C /* SMSettingsButton.h */,
				DC22DAC11F7AA56F00B8E85C /* SMSettingsButton.m */,
				DC22DAC61F7D164E00B8E85C /* SMCustomNavigationBar.h */,
				DC22DAC71F7D164E00B8E85C /* SMCustomNavigationBar.m */,
				DC22DACC1F7D6B9800B8E85C /* SMChooseButtonView.h */,
				DC22DACD1F7D6B9800B8E85C /* SMChooseButtonView.m */,
			);
			name = View;
			sourceTree = "<group>";
		};
		DC6B60C21EFA85D8007D1D00 /* Model */ = {
			isa = PBXGroup;
			children = (
				DC22DAA61F72CFB000B8E85C /* SMGameModel.h */,
				DC22DAA71F72CFB000B8E85C /* SMGameModel.m */,
				DC6B60C31EFA8602007D1D00 /* SMSnakeEngineModel.h */,
				DC6B60C41EFA8602007D1D00 /* SMSnakeEngineModel.m */,
				DC6B60C61EFA8613007D1D00 /* SMPlayground.h */,
				DC6B60C71EFA8613007D1D00 /* SMPlayground.m */,
				DC22DACF1F7E2E6E00B8E85C /* SMFreeGameSettings.h */,
				DC22DAD01F7E2E6E00B8E85C /* SMFreeGameSettings.m */,
				DC22DAD21F7E4F2900B8E85C /* SMArcadeGameSettings.h */,
				DC22DAD31F7E4F2900B8E85C /* SMArcadeGameSettings.m */,
			);
			name = Model;
			sourceTree = "<group>";
		};
		DCE0DFF81F4B09E300AAB030 /* Frameworks */ = {
			isa = PBXGroup;
			children = (
			);
			name = Frameworks;
			sourceTree = "<group>";
		};
/* End PBXGroup section */

/* Begin PBXNativeTarget section */
		DC1A8C4A1EA92D7A00E0DEC2 /* SnakeGame */ = {
			isa = PBXNativeTarget;
			buildConfigurationList = DC1A8C621EA92D7A00E0DEC2 /* Build configuration list for PBXNativeTarget "SnakeGame" */;
			buildPhases = (
				DC1A8C471EA92D7A00E0DEC2 /* Sources */,
				DC1A8C481EA92D7A00E0DEC2 /* Frameworks */,
				DC1A8C491EA92D7A00E0DEC2 /* Resources */,
			);
			buildRules = (
			);
			dependencies = (
			);
			name = SnakeGame;
			productName = SnakeGame;
			productReference = DC1A8C4B1EA92D7A00E0DEC2 /* SnakeGame.app */;
			productType = "com.apple.product-type.application";
		};
		DC22DA981F72C39800B8E85C /* SnakeGameTests */ = {
			isa = PBXNativeTarget;
			buildConfigurationList = DC22DAA21F72C39800B8E85C /* Build configuration list for PBXNativeTarget "SnakeGameTests" */;
			buildPhases = (
				DC22DA951F72C39800B8E85C /* Sources */,
				DC22DA961F72C39800B8E85C /* Frameworks */,
				DC22DA971F72C39800B8E85C /* Resources */,
			);
			buildRules = (
			);
			dependencies = (
				DC22DA9F1F72C39800B8E85C /* PBXTargetDependency */,
			);
			name = SnakeGameTests;
			productName = SnakeGameTests;
			productReference = DC22DA991F72C39800B8E85C /* SnakeGameTests.xctest */;
			productType = "com.apple.product-type.bundle.unit-test";
		};
/* End PBXNativeTarget section */

/* Begin PBXProject section */
		DC1A8C431EA92D7A00E0DEC2 /* Project object */ = {
			isa = PBXProject;
			attributes = {
				LastUpgradeCheck = 0810;
				ORGANIZATIONNAME = Syngmaster;
				TargetAttributes = {
					DC1A8C4A1EA92D7A00E0DEC2 = {
						CreatedOnToolsVersion = 8.1;
						DevelopmentTeam = 4PMQKT6K8N;
						ProvisioningStyle = Automatic;
					};
					DC22DA981F72C39800B8E85C = {
						CreatedOnToolsVersion = 8.3.3;
						DevelopmentTeam = 4PMQKT6K8N;
						ProvisioningStyle = Automatic;
						TestTargetID = DC1A8C4A1EA92D7A00E0DEC2;
					};
				};
			};
			buildConfigurationList = DC1A8C461EA92D7A00E0DEC2 /* Build configuration list for PBXProject "SnakeGame" */;
			compatibilityVersion = "Xcode 3.2";
			developmentRegion = English;
			hasScannedForEncodings = 0;
			knownRegions = (
				en,
				Base,
			);
			mainGroup = DC1A8C421EA92D7900E0DEC2;
			productRefGroup = DC1A8C4C1EA92D7A00E0DEC2 /* Products */;
			projectDirPath = "";
			projectRoot = "";
			targets = (
				DC1A8C4A1EA92D7A00E0DEC2 /* SnakeGame */,
				DC22DA981F72C39800B8E85C /* SnakeGameTests */,
			);
		};
/* End PBXProject section */

/* Begin PBXResourcesBuildPhase section */
		DC1A8C491EA92D7A00E0DEC2 /* Resources */ = {
			isa = PBXResourcesBuildPhase;
			buildActionMask = 2147483647;
			files = (
				DC1A8C5E1EA92D7A00E0DEC2 /* LaunchScreen.storyboard in Resources */,
				DC1A8C5B1EA92D7A00E0DEC2 /* Assets.xcassets in Resources */,
				DC1A8C591EA92D7A00E0DEC2 /* Main.storyboard in Resources */,
			);
			runOnlyForDeploymentPostprocessing = 0;
		};
		DC22DA971F72C39800B8E85C /* Resources */ = {
			isa = PBXResourcesBuildPhase;
			buildActionMask = 2147483647;
			files = (
			);
			runOnlyForDeploymentPostprocessing = 0;
		};
/* End PBXResourcesBuildPhase section */

/* Begin PBXSourcesBuildPhase section */
		DC1A8C471EA92D7A00E0DEC2 /* Sources */ = {
			isa = PBXSourcesBuildPhase;
			buildActionMask = 2147483647;
			files = (
				DC22DAB91F7A88DF00B8E85C /* SMCustomButton.m in Sources */,
				DC22DAD41F7E4F2900B8E85C /* SMArcadeGameSettings.m in Sources */,
				DC22DACE1F7D6B9800B8E85C /* SMChooseButtonView.m in Sources */,
				DC6B60CA1EFA9AB2007D1D00 /* SMSnakeEngineModel.h in Sources */,
				DC22DACB1F7D64BD00B8E85C /* SMBottomMenuView.m in Sources */,
				DC6B60C91EFA8D5E007D1D00 /* SMSnakeEngineModel.m in Sources */,
				DC22DAC51F7D14EC00B8E85C /* SMFreeGameSettingsViewController.m in Sources */,
				DC22DAD11F7E2E6E00B8E85C /* SMFreeGameSettings.m in Sources */,
				DC22DAA81F72CFB000B8E85C /* SMGameModel.m in Sources */,
				DC22DABC1F7A8E6B00B8E85C /* SMCustomView.m in Sources */,
				DC6B60C81EFA8613007D1D00 /* SMPlayground.m in Sources */,
				DC1A8C561EA92D7A00E0DEC2 /* SMPlayViewController.m in Sources */,
				DC22DAB11F7974DD00B8E85C /* SMMainViewController.m in Sources */,
				DC22DAC21F7AA56F00B8E85C /* SMSettingsButton.m in Sources */,
				DC1A8C531EA92D7A00E0DEC2 /* AppDelegate.m in Sources */,
				DC22DABF1F7AA4DD00B8E85C /* SMSettingsViewController.m in Sources */,
				DC22DAB41F7A889000B8E85C /* SMGameModeViewController.m in Sources */,
				DC1A8C501EA92D7A00E0DEC2 /* main.m in Sources */,
				DC22DAC81F7D164E00B8E85C /* SMCustomNavigationBar.m in Sources */,
			);
			runOnlyForDeploymentPostprocessing = 0;
		};
		DC22DA951F72C39800B8E85C /* Sources */ = {
			isa = PBXSourcesBuildPhase;
			buildActionMask = 2147483647;
			files = (
				DC22DA9C1F72C39800B8E85C /* SnakeGameTests.m in Sources */,
			);
			runOnlyForDeploymentPostprocessing = 0;
		};
/* End PBXSourcesBuildPhase section */

/* Begin PBXTargetDependency section */
		DC22DA9F1F72C39800B8E85C /* PBXTargetDependency */ = {
			isa = PBXTargetDependency;
			target = DC1A8C4A1EA92D7A00E0DEC2 /* SnakeGame */;
			targetProxy = DC22DA9E1F72C39800B8E85C /* PBXContainerItemProxy */;
		};
/* End PBXTargetDependency section */

/* Begin PBXVariantGroup section */
		DC1A8C571EA92D7A00E0DEC2 /* Main.storyboard */ = {
			isa = PBXVariantGroup;
			children = (
				DC1A8C581EA92D7A00E0DEC2 /* Base */,
			);
			name = Main.storyboard;
			sourceTree = "<group>";
		};
		DC1A8C5C1EA92D7A00E0DEC2 /* LaunchScreen.storyboard */ = {
			isa = PBXVariantGroup;
			children = (
				DC1A8C5D1EA92D7A00E0DEC2 /* Base */,
			);
			name = LaunchScreen.storyboard;
			sourceTree = "<group>";
		};
/* End PBXVariantGroup section */

/* Begin XCBuildConfiguration section */
		DC1A8C601EA92D7A00E0DEC2 /* Debug */ = {
			isa = XCBuildConfiguration;
			buildSettings = {
				ALWAYS_SEARCH_USER_PATHS = NO;
				CLANG_ANALYZER_NONNULL = YES;
				CLANG_CXX_LANGUAGE_STANDARD = "gnu++0x";
				CLANG_CXX_LIBRARY = "libc++";
				CLANG_ENABLE_MODULES = YES;
				CLANG_ENABLE_OBJC_ARC = YES;
				CLANG_WARN_BOOL_CONVERSION = YES;
				CLANG_WARN_CONSTANT_CONVERSION = YES;
				CLANG_WARN_DIRECT_OBJC_ISA_USAGE = YES_ERROR;
				CLANG_WARN_DOCUMENTATION_COMMENTS = YES;
				CLANG_WARN_EMPTY_BODY = YES;
				CLANG_WARN_ENUM_CONVERSION = YES;
				CLANG_WARN_INFINITE_RECURSION = YES;
				CLANG_WARN_INT_CONVERSION = YES;
				CLANG_WARN_OBJC_ROOT_CLASS = YES_ERROR;
				CLANG_WARN_SUSPICIOUS_MOVES = YES;
				CLANG_WARN_UNREACHABLE_CODE = YES;
				CLANG_WARN__DUPLICATE_METHOD_MATCH = YES;
				"CODE_SIGN_IDENTITY[sdk=iphoneos*]" = "iPhone Developer";
				COPY_PHASE_STRIP = NO;
				DEBUG_INFORMATION_FORMAT = dwarf;
				ENABLE_STRICT_OBJC_MSGSEND = YES;
				ENABLE_TESTABILITY = YES;
				GCC_C_LANGUAGE_STANDARD = gnu99;
				GCC_DYNAMIC_NO_PIC = NO;
				GCC_NO_COMMON_BLOCKS = YES;
				GCC_OPTIMIZATION_LEVEL = 0;
				GCC_PREPROCESSOR_DEFINITIONS = (
					"DEBUG=1",
					"$(inherited)",
				);
				GCC_WARN_64_TO_32_BIT_CONVERSION = YES;
				GCC_WARN_ABOUT_RETURN_TYPE = YES_ERROR;
				GCC_WARN_UNDECLARED_SELECTOR = YES;
				GCC_WARN_UNINITIALIZED_AUTOS = YES_AGGRESSIVE;
				GCC_WARN_UNUSED_FUNCTION = YES;
				GCC_WARN_UNUSED_VARIABLE = YES;
				IPHONEOS_DEPLOYMENT_TARGET = 10.1;
				MTL_ENABLE_DEBUG_INFO = YES;
				ONLY_ACTIVE_ARCH = YES;
				SDKROOT = iphoneos;
				TARGETED_DEVICE_FAMILY = "1,2";
			};
			name = Debug;
		};
		DC1A8C611EA92D7A00E0DEC2 /* Release */ = {
			isa = XCBuildConfiguration;
			buildSettings = {
				ALWAYS_SEARCH_USER_PATHS = NO;
				CLANG_ANALYZER_NONNULL = YES;
				CLANG_CXX_LANGUAGE_STANDARD = "gnu++0x";
				CLANG_CXX_LIBRARY = "libc++";
				CLANG_ENABLE_MODULES = YES;
				CLANG_ENABLE_OBJC_ARC = YES;
				CLANG_WARN_BOOL_CONVERSION = YES;
				CLANG_WARN_CONSTANT_CONVERSION = YES;
				CLANG_WARN_DIRECT_OBJC_ISA_USAGE = YES_ERROR;
				CLANG_WARN_DOCUMENTATION_COMMENTS = YES;
				CLANG_WARN_EMPTY_BODY = YES;
				CLANG_WARN_ENUM_CONVERSION = YES;
				CLANG_WARN_INFINITE_RECURSION = YES;
				CLANG_WARN_INT_CONVERSION = YES;
				CLANG_WARN_OBJC_ROOT_CLASS = YES_ERROR;
				CLANG_WARN_SUSPICIOUS_MOVES = YES;
				CLANG_WARN_UNREACHABLE_CODE = YES;
				CLANG_WARN__DUPLICATE_METHOD_MATCH = YES;
				"CODE_SIGN_IDENTITY[sdk=iphoneos*]" = "iPhone Developer";
				COPY_PHASE_STRIP = NO;
				DEBUG_INFORMATION_FORMAT = "dwarf-with-dsym";
				ENABLE_NS_ASSERTIONS = NO;
				ENABLE_STRICT_OBJC_MSGSEND = YES;
				GCC_C_LANGUAGE_STANDARD = gnu99;
				GCC_NO_COMMON_BLOCKS = YES;
				GCC_WARN_64_TO_32_BIT_CONVERSION = YES;
				GCC_WARN_ABOUT_RETURN_TYPE = YES_ERROR;
				GCC_WARN_UNDECLARED_SELECTOR = YES;
				GCC_WARN_UNINITIALIZED_AUTOS = YES_AGGRESSIVE;
				GCC_WARN_UNUSED_FUNCTION = YES;
				GCC_WARN_UNUSED_VARIABLE = YES;
				IPHONEOS_DEPLOYMENT_TARGET = 10.1;
				MTL_ENABLE_DEBUG_INFO = NO;
				SDKROOT = iphoneos;
				TARGETED_DEVICE_FAMILY = "1,2";
				VALIDATE_PRODUCT = YES;
			};
			name = Release;
		};
		DC1A8C631EA92D7A00E0DEC2 /* Debug */ = {
			isa = XCBuildConfiguration;
			buildSettings = {
				ASSETCATALOG_COMPILER_APPICON_NAME = AppIcon;
				DEVELOPMENT_TEAM = 4PMQKT6K8N;
				INFOPLIST_FILE = SnakeGame/Info.plist;
				LD_RUNPATH_SEARCH_PATHS = "$(inherited) @executable_path/Frameworks";
				PRODUCT_BUNDLE_IDENTIFIER = ios.SnakeGame;
				PRODUCT_NAME = "$(TARGET_NAME)";
			};
			name = Debug;
		};
		DC1A8C641EA92D7A00E0DEC2 /* Release */ = {
			isa = XCBuildConfiguration;
			buildSettings = {
				ASSETCATALOG_COMPILER_APPICON_NAME = AppIcon;
				DEVELOPMENT_TEAM = 4PMQKT6K8N;
				INFOPLIST_FILE = SnakeGame/Info.plist;
				LD_RUNPATH_SEARCH_PATHS = "$(inherited) @executable_path/Frameworks";
				PRODUCT_BUNDLE_IDENTIFIER = ios.SnakeGame;
				PRODUCT_NAME = "$(TARGET_NAME)";
			};
			name = Release;
		};
		DC22DAA01F72C39800B8E85C /* Debug */ = {
			isa = XCBuildConfiguration;
			buildSettings = {
				BUNDLE_LOADER = "$(TEST_HOST)";
				CLANG_ANALYZER_NUMBER_OBJECT_CONVERSION = YES_AGGRESSIVE;
				CLANG_WARN_SUSPICIOUS_MOVE = YES;
				DEVELOPMENT_TEAM = 4PMQKT6K8N;
				INFOPLIST_FILE = SnakeGameTests/Info.plist;
				IPHONEOS_DEPLOYMENT_TARGET = 10.3;
				LD_RUNPATH_SEARCH_PATHS = "$(inherited) @executable_path/Frameworks @loader_path/Frameworks";
				PRODUCT_BUNDLE_IDENTIFIER = ios.SnakeGameTests;
				PRODUCT_NAME = "$(TARGET_NAME)";
				TEST_HOST = "$(BUILT_PRODUCTS_DIR)/SnakeGame.app/SnakeGame";
			};
			name = Debug;
		};
		DC22DAA11F72C39800B8E85C /* Release */ = {
			isa = XCBuildConfiguration;
			buildSettings = {
				BUNDLE_LOADER = "$(TEST_HOST)";
				CLANG_ANALYZER_NUMBER_OBJECT_CONVERSION = YES_AGGRESSIVE;
				CLANG_WARN_SUSPICIOUS_MOVE = YES;
				DEVELOPMENT_TEAM = 4PMQKT6K8N;
				INFOPLIST_FILE = SnakeGameTests/Info.plist;
				IPHONEOS_DEPLOYMENT_TARGET = 10.3;
				LD_RUNPATH_SEARCH_PATHS = "$(inherited) @executable_path/Frameworks @loader_path/Frameworks";
				PRODUCT_BUNDLE_IDENTIFIER = ios.SnakeGameTests;
				PRODUCT_NAME = "$(TARGET_NAME)";
				TEST_HOST = "$(BUILT_PRODUCTS_DIR)/SnakeGame.app/SnakeGame";
			};
			name = Release;
		};
/* End XCBuildConfiguration section */

/* Begin XCConfigurationList section */
		DC1A8C461EA92D7A00E0DEC2 /* Build configuration list for PBXProject "SnakeGame" */ = {
			isa = XCConfigurationList;
			buildConfigurations = (
				DC1A8C601EA92D7A00E0DEC2 /* Debug */,
				DC1A8C611EA92D7A00E0DEC2 /* Release */,
			);
			defaultConfigurationIsVisible = 0;
			defaultConfigurationName = Release;
		};
		DC1A8C621EA92D7A00E0DEC2 /* Build configuration list for PBXNativeTarget "SnakeGame" */ = {
			isa = XCConfigurationList;
			buildConfigurations = (
				DC1A8C631EA92D7A00E0DEC2 /* Debug */,
				DC1A8C641EA92D7A00E0DEC2 /* Release */,
			);
			defaultConfigurationIsVisible = 0;
			defaultConfigurationName = Release;
		};
		DC22DAA21F72C39800B8E85C /* Build configuration list for PBXNativeTarget "SnakeGameTests" */ = {
			isa = XCConfigurationList;
			buildConfigurations = (
				DC22DAA01F72C39800B8E85C /* Debug */,
				DC22DAA11F72C39800B8E85C /* Release */,
			);
			defaultConfigurationIsVisible = 0;
			defaultConfigurationName = Release;
		};
/* End XCConfigurationList section */
	};
	rootObject = DC1A8C431EA92D7A00E0DEC2 /* Project object */;
}
