// !$*UTF8*$!
{
	archiveVersion = 1;
	classes = {
	};
	objectVersion = 46;
	objects = {

/* Begin PBXBuildFile section */
		DC1A8C501EA92D7A00E0DEC2 /* main.m in Sources */ = {isa = PBXBuildFile; fileRef = DC1A8C4F1EA92D7A00E0DEC2 /* main.m */; };
		DC1A8C531EA92D7A00E0DEC2 /* AppDelegate.m in Sources */ = {isa = PBXBuildFile; fileRef = DC1A8C521EA92D7A00E0DEC2 /* AppDelegate.m */; };
		DC1A8C561EA92D7A00E0DEC2 /* SMViewController.m in Sources */ = {isa = PBXBuildFile; fileRef = DC1A8C551EA92D7A00E0DEC2 /* SMViewController.m */; };
		DC1A8C591EA92D7A00E0DEC2 /* Main.storyboard in Resources */ = {isa = PBXBuildFile; fileRef = DC1A8C571EA92D7A00E0DEC2 /* Main.storyboard */; };
		DC1A8C5B1EA92D7A00E0DEC2 /* Assets.xcassets in Resources */ = {isa = PBXBuildFile; fileRef = DC1A8C5A1EA92D7A00E0DEC2 /* Assets.xcassets */; };
		DC1A8C5E1EA92D7A00E0DEC2 /* LaunchScreen.storyboard in Resources */ = {isa = PBXBuildFile; fileRef = DC1A8C5C1EA92D7A00E0DEC2 /* LaunchScreen.storyboard */; };
		DC22DA9C1F72C39800B8E85C /* SnakeGameTests.m in Sources */ = {isa = PBXBuildFile; fileRef = DC22DA9B1F72C39800B8E85C /* SnakeGameTests.m */; };
		DC22DAA51F72CC8000B8E85C /* SMHazardModel.m in Sources */ = {isa = PBXBuildFile; fileRef = DC22DAA41F72CC8000B8E85C /* SMHazardModel.m */; };
		DC6B60C81EFA8613007D1D00 /* SMPlayground.m in Sources */ = {isa = PBXBuildFile; fileRef = DC6B60C71EFA8613007D1D00 /* SMPlayground.m */; };
		DC6B60C91EFA8D5E007D1D00 /* SMSnakeModel.m in Sources */ = {isa = PBXBuildFile; fileRef = DC6B60C41EFA8602007D1D00 /* SMSnakeModel.m */; };
		DC6B60CA1EFA9AB2007D1D00 /* SMSnakeModel.h in Sources */ = {isa = PBXBuildFile; fileRef = DC6B60C31EFA8602007D1D00 /* SMSnakeModel.h */; };
/* End PBXBuildFile section */

/* Begin PBXContainerItemProxy section */
		DC22DA9E1F72C39800B8E85C /* PBXContainerItemProxy */ = {
			isa = PBXContainerItemProxy;
			containerPortal = DC1A8C431EA92D7A00E0DEC2 /* Project object */;
			proxyType = 1;
			remoteGlobalIDString = DC1A8C4A1EA92D7A00E0DEC2;
			remoteInfo = SnakeGame;
		};
/* End PBXContainerItemProxy section */

/* Begin PBXFileReference section */
		DC1A8C4B1EA92D7A00E0DEC2 /* SnakeGame.app */ = {isa = PBXFileReference; explicitFileType = wrapper.application; includeInIndex = 0; path = SnakeGame.app; sourceTree = BUILT_PRODUCTS_DIR; };
		DC1A8C4F1EA92D7A00E0DEC2 /* main.m */ = {isa = PBXFileReference; lastKnownFileType = sourcecode.c.objc; path = main.m; sourceTree = "<group>"; };
		DC1A8C511EA92D7A00E0DEC2 /* AppDelegate.h */ = {isa = PBXFileReference; lastKnownFileType = sourcecode.c.h; path = AppDelegate.h; sourceTree = "<group>"; };
		DC1A8C521EA92D7A00E0DEC2 /* AppDelegate.m */ = {isa = PBXFileReference; lastKnownFileType = sourcecode.c.objc; path = AppDelegate.m; sourceTree = "<group>"; };
		DC1A8C541EA92D7A00E0DEC2 /* SMViewController.h */ = {isa = PBXFileReference; lastKnownFileType = sourcecode.c.h; path = SMViewController.h; sourceTree = "<group>"; };
		DC1A8C551EA92D7A00E0DEC2 /* SMViewController.m */ = {isa = PBXFileReference; lastKnownFileType = sourcecode.c.objc; path = SMViewController.m; sourceTree = "<group>"; };
		DC1A8C581EA92D7A00E0DEC2 /* Base */ = {isa = PBXFileReference; lastKnownFileType = file.storyboard; name = Base; path = Base.lproj/Main.storyboard; sourceTree = "<group>"; };
		DC1A8C5A1EA92D7A00E0DEC2 /* Assets.xcassets */ = {isa = PBXFileReference; lastKnownFileType = folder.assetcatalog; path = Assets.xcassets; sourceTree = "<group>"; };
		DC1A8C5D1EA92D7A00E0DEC2 /* Base */ = {isa = PBXFileReference; lastKnownFileType = file.storyboard; name = Base; path = Base.lproj/LaunchScreen.storyboard; sourceTree = "<group>"; };
		DC1A8C5F1EA92D7A00E0DEC2 /* Info.plist */ = {isa = PBXFileReference; lastKnownFileType = text.plist.xml; path = Info.plist; sourceTree = "<group>"; };
		DC22DA991F72C39800B8E85C /* SnakeGameTests.xctest */ = {isa = PBXFileReference; explicitFileType = wrapper.cfbundle; includeInIndex = 0; path = SnakeGameTests.xctest; sourceTree = BUILT_PRODUCTS_DIR; };
		DC22DA9B1F72C39800B8E85C /* SnakeGameTests.m */ = {isa = PBXFileReference; lastKnownFileType = sourcecode.c.objc; path = SnakeGameTests.m; sourceTree = "<group>"; };
		DC22DA9D1F72C39800B8E85C /* Info.plist */ = {isa = PBXFileReference; lastKnownFileType = text.plist.xml; path = Info.plist; sourceTree = "<group>"; };
		DC22DAA31F72CC8000B8E85C /* SMHazardModel.h */ = {isa = PBXFileReference; fileEncoding = 4; lastKnownFileType = sourcecode.c.h; path = SMHazardModel.h; sourceTree = "<group>"; };
		DC22DAA41F72CC8000B8E85C /* SMHazardModel.m */ = {isa = PBXFileReference; fileEncoding = 4; lastKnownFileType = sourcecode.c.objc; path = SMHazardModel.m; sourceTree = "<group>"; };
		DC6B60C31EFA8602007D1D00 /* SMSnakeModel.h */ = {isa = PBXFileReference; fileEncoding = 4; lastKnownFileType = sourcecode.c.h; path = SMSnakeModel.h; sourceTree = "<group>"; };
		DC6B60C41EFA8602007D1D00 /* SMSnakeModel.m */ = {isa = PBXFileReference; fileEncoding = 4; lastKnownFileType = sourcecode.c.objc; path = SMSnakeModel.m; sourceTree = "<group>"; };
		DC6B60C61EFA8613007D1D00 /* SMPlayground.h */ = {isa = PBXFileReference; fileEncoding = 4; lastKnownFileType = sourcecode.c.h; path = SMPlayground.h; sourceTree = "<group>"; };
		DC6B60C71EFA8613007D1D00 /* SMPlayground.m */ = {isa = PBXFileReference; fileEncoding = 4; lastKnownFileType = sourcecode.c.objc; path = SMPlayground.m; sourceTree = "<group>"; };
/* End PBXFileReference section */

/* Begin PBXFrameworksBuildPhase section */
		DC1A8C481EA92D7A00E0DEC2 /* Frameworks */ = {
			isa = PBXFrameworksBuildPhase;
			buildActionMask = 2147483647;
			files = (
			);
			runOnlyForDeploymentPostprocessing = 0;
		};
		DC22DA961F72C39800B8E85C /* Frameworks */ = {
			isa = PBXFrameworksBuildPhase;
			buildActionMask = 2147483647;
			files = (
			);
			runOnlyForDeploymentPostprocessing = 0;
		};
/* End PBXFrameworksBuildPhase section */

/* Begin PBXGroup section */
		DC1A8C421EA92D7900E0DEC2 = {
			isa = PBXGroup;
			children = (
				DC1A8C4D1EA92D7A00E0DEC2 /* SnakeGame */,
				DC22DA9A1F72C39800B8E85C /* SnakeGameTests */,
				DC1A8C4C1EA92D7A00E0DEC2 /* Products */,
				DCE0DFF81F4B09E300AAB030 /* Frameworks */,
			);
			sourceTree = "<group>";
		};
		DC1A8C4C1EA92D7A00E0DEC2 /* Products */ = {
			isa = PBXGroup;
			children = (
				DC1A8C4B1EA92D7A00E0DEC2 /* SnakeGame.app */,
				DC22DA991F72C39800B8E85C /* SnakeGameTests.xctest */,
			);
			name = Products;
			sourceTree = "<group>";
		};
		DC1A8C4D1EA92D7A00E0DEC2 /* SnakeGame */ = {
			isa = PBXGroup;
			children = (
				DC6B60C21EFA85D8007D1D00 /* Model */,
				DC1A8C511EA92D7A00E0DEC2 /* AppDelegate.h */,
				DC1A8C521EA92D7A00E0DEC2 /* AppDelegate.m */,
				DC1A8C541EA92D7A00E0DEC2 /* SMViewController.h */,
				DC1A8C551EA92D7A00E0DEC2 /* SMViewController.m */,
				DC1A8C571EA92D7A00E0DEC2 /* Main.storyboard */,
				DC1A8C5A1EA92D7A00E0DEC2 /* Assets.xcassets */,
				DC1A8C5C1EA92D7A00E0DEC2 /* LaunchScreen.storyboard */,
				DC1A8C5F1EA92D7A00E0DEC2 /* Info.plist */,
				DC1A8C4E1EA92D7A00E0DEC2 /* Supporting Files */,
			);
			path = SnakeGame;
			sourceTree = "<group>";
		};
		DC1A8C4E1EA92D7A00E0DEC2 /* Supporting Files */ = {
			isa = PBXGroup;
			children = (
				DC1A8C4F1EA92D7A00E0DEC2 /* main.m */,
			);
			name = "Supporting Files";
			sourceTree = "<group>";
		};
		DC22DA9A1F72C39800B8E85C /* SnakeGameTests */ = {
			isa = PBXGroup;
			children = (
				DC22DA9B1F72C39800B8E85C /* SnakeGameTests.m */,
				DC22DA9D1F72C39800B8E85C /* Info.plist */,
			);
			path = SnakeGameTests;
			sourceTree = "<group>";
		};
		DC6B60C21EFA85D8007D1D00 /* Model */ = {
			isa = PBXGroup;
			children = (
				DC6B60C31EFA8602007D1D00 /* SMSnakeModel.h */,
				DC6B60C41EFA8602007D1D00 /* SMSnakeModel.m */,
				DC6B60C61EFA8613007D1D00 /* SMPlayground.h */,
				DC6B60C71EFA8613007D1D00 /* SMPlayground.m */,
				DC22DAA31F72CC8000B8E85C /* SMHazardModel.h */,
				DC22DAA41F72CC8000B8E85C /* SMHazardModel.m */,
			);
			name = Model;
			sourceTree = "<group>";
		};
		DCE0DFF81F4B09E300AAB030 /* Frameworks */ = {
			isa = PBXGroup;
			children = (
			);
			name = Frameworks;
			sourceTree = "<group>";
		};
/* End PBXGroup section */

/* Begin PBXNativeTarget section */
		DC1A8C4A1EA92D7A00E0DEC2 /* SnakeGame */ = {
			isa = PBXNativeTarget;
			buildConfigurationList = DC1A8C621EA92D7A00E0DEC2 /* Build configuration list for PBXNativeTarget "SnakeGame" */;
			buildPhases = (
				DC1A8C471EA92D7A00E0DEC2 /* Sources */,
				DC1A8C481EA92D7A00E0DEC2 /* Frameworks */,
				DC1A8C491EA92D7A00E0DEC2 /* Resources */,
			);
			buildRules = (
			);
			dependencies = (
			);
			name = SnakeGame;
			productName = SnakeGame;
			productReference = DC1A8C4B1EA92D7A00E0DEC2 /* SnakeGame.app */;
			productType = "com.apple.product-type.application";
		};
		DC22DA981F72C39800B8E85C /* SnakeGameTests */ = {
			isa = PBXNativeTarget;
			buildConfigurationList = DC22DAA21F72C39800B8E85C /* Build configuration list for PBXNativeTarget "SnakeGameTests" */;
			buildPhases = (
				DC22DA951F72C39800B8E85C /* Sources */,
				DC22DA961F72C39800B8E85C /* Frameworks */,
				DC22DA971F72C39800B8E85C /* Resources */,
			);
			buildRules = (
			);
			dependencies = (
				DC22DA9F1F72C39800B8E85C /* PBXTargetDependency */,
			);
			name = SnakeGameTests;
			productName = SnakeGameTests;
			productReference = DC22DA991F72C39800B8E85C /* SnakeGameTests.xctest */;
			productType = "com.apple.product-type.bundle.unit-test";
		};
/* End PBXNativeTarget section */

/* Begin PBXProject section */
		DC1A8C431EA92D7A00E0DEC2 /* Project object */ = {
			isa = PBXProject;
			attributes = {
				LastUpgradeCheck = 0810;
				ORGANIZATIONNAME = Syngmaster;
				TargetAttributes = {
					DC1A8C4A1EA92D7A00E0DEC2 = {
						CreatedOnToolsVersion = 8.1;
						DevelopmentTeam = 4PMQKT6K8N;
						ProvisioningStyle = Automatic;
					};
					DC22DA981F72C39800B8E85C = {
						CreatedOnToolsVersion = 8.3.3;
						DevelopmentTeam = 4PMQKT6K8N;
						ProvisioningStyle = Automatic;
						TestTargetID = DC1A8C4A1EA92D7A00E0DEC2;
					};
				};
			};
			buildConfigurationList = DC1A8C461EA92D7A00E0DEC2 /* Build configuration list for PBXProject "SnakeGame" */;
			compatibilityVersion = "Xcode 3.2";
			developmentRegion = English;
			hasScannedForEncodings = 0;
			knownRegions = (
				en,
				Base,
			);
			mainGroup = DC1A8C421EA92D7900E0DEC2;
			productRefGroup = DC1A8C4C1EA92D7A00E0DEC2 /* Products */;
			projectDirPath = "";
			projectRoot = "";
			targets = (
				DC1A8C4A1EA92D7A00E0DEC2 /* SnakeGame */,
				DC22DA981F72C39800B8E85C /* SnakeGameTests */,
			);
		};
/* End PBXProject section */

/* Begin PBXResourcesBuildPhase section */
		DC1A8C491EA92D7A00E0DEC2 /* Resources */ = {
			isa = PBXResourcesBuildPhase;
			buildActionMask = 2147483647;
			files = (
				DC1A8C5E1EA92D7A00E0DEC2 /* LaunchScreen.storyboard in Resources */,
				DC1A8C5B1EA92D7A00E0DEC2 /* Assets.xcassets in Resources */,
				DC1A8C591EA92D7A00E0DEC2 /* Main.storyboard in Resources */,
			);
			runOnlyForDeploymentPostprocessing = 0;
		};
		DC22DA971F72C39800B8E85C /* Resources */ = {
			isa = PBXResourcesBuildPhase;
			buildActionMask = 2147483647;
			files = (
			);
			runOnlyForDeploymentPostprocessing = 0;
		};
/* End PBXResourcesBuildPhase section */

/* Begin PBXSourcesBuildPhase section */
		DC1A8C471EA92D7A00E0DEC2 /* Sources */ = {
			isa = PBXSourcesBuildPhase;
			buildActionMask = 2147483647;
			files = (
				DC6B60CA1EFA9AB2007D1D00 /* SMSnakeModel.h in Sources */,
				DC6B60C91EFA8D5E007D1D00 /* SMSnakeModel.m in Sources */,
				DC22DAA51F72CC8000B8E85C /* SMHazardModel.m in Sources */,
				DC6B60C81EFA8613007D1D00 /* SMPlayground.m in Sources */,
				DC1A8C561EA92D7A00E0DEC2 /* SMViewController.m in Sources */,
				DC1A8C531EA92D7A00E0DEC2 /* AppDelegate.m in Sources */,
				DC1A8C501EA92D7A00E0DEC2 /* main.m in Sources */,
			);
			runOnlyForDeploymentPostprocessing = 0;
		};
		DC22DA951F72C39800B8E85C /* Sources */ = {
			isa = PBXSourcesBuildPhase;
			buildActionMask = 2147483647;
			files = (
				DC22DA9C1F72C39800B8E85C /* SnakeGameTests.m in Sources */,
			);
			runOnlyForDeploymentPostprocessing = 0;
		};
/* End PBXSourcesBuildPhase section */

/* Begin PBXTargetDependency section */
		DC22DA9F1F72C39800B8E85C /* PBXTargetDependency */ = {
			isa = PBXTargetDependency;
			target = DC1A8C4A1EA92D7A00E0DEC2 /* SnakeGame */;
			targetProxy = DC22DA9E1F72C39800B8E85C /* PBXContainerItemProxy */;
		};
/* End PBXTargetDependency section */

/* Begin PBXVariantGroup section */
		DC1A8C571EA92D7A00E0DEC2 /* Main.storyboard */ = {
			isa = PBXVariantGroup;
			children = (
				DC1A8C581EA92D7A00E0DEC2 /* Base */,
			);
			name = Main.storyboard;
			sourceTree = "<group>";
		};
		DC1A8C5C1EA92D7A00E0DEC2 /* LaunchScreen.storyboard */ = {
			isa = PBXVariantGroup;
			children = (
				DC1A8C5D1EA92D7A00E0DEC2 /* Base */,
			);
			name = LaunchScreen.storyboard;
			sourceTree = "<group>";
		};
/* End PBXVariantGroup section */

/* Begin XCBuildConfiguration section */
		DC1A8C601EA92D7A00E0DEC2 /* Debug */ = {
			isa = XCBuildConfiguration;
			buildSettings = {
				ALWAYS_SEARCH_USER_PATHS = NO;
				CLANG_ANALYZER_NONNULL = YES;
				CLANG_CXX_LANGUAGE_STANDARD = "gnu++0x";
				CLANG_CXX_LIBRARY = "libc++";
				CLANG_ENABLE_MODULES = YES;
				CLANG_ENABLE_OBJC_ARC = YES;
				CLANG_WARN_BOOL_CONVERSION = YES;
				CLANG_WARN_CONSTANT_CONVERSION = YES;
				CLANG_WARN_DIRECT_OBJC_ISA_USAGE = YES_ERROR;
				CLANG_WARN_DOCUMENTATION_COMMENTS = YES;
				CLANG_WARN_EMPTY_BODY = YES;
				CLANG_WARN_ENUM_CONVERSION = YES;
				CLANG_WARN_INFINITE_RECURSION = YES;
				CLANG_WARN_INT_CONVERSION = YES;
				CLANG_WARN_OBJC_ROOT_CLASS = YES_ERROR;
				CLANG_WARN_SUSPICIOUS_MOVES = YES;
				CLANG_WARN_UNREACHABLE_CODE = YES;
				CLANG_WARN__DUPLICATE_METHOD_MATCH = YES;
				"CODE_SIGN_IDENTITY[sdk=iphoneos*]" = "iPhone Developer";
				COPY_PHASE_STRIP = NO;
				DEBUG_INFORMATION_FORMAT = dwarf;
				ENABLE_STRICT_OBJC_MSGSEND = YES;
				ENABLE_TESTABILITY = YES;
				GCC_C_LANGUAGE_STANDARD = gnu99;
				GCC_DYNAMIC_NO_PIC = NO;
				GCC_NO_COMMON_BLOCKS = YES;
				GCC_OPTIMIZATION_LEVEL = 0;
				GCC_PREPROCESSOR_DEFINITIONS = (
					"DEBUG=1",
					"$(inherited)",
				);
				GCC_WARN_64_TO_32_BIT_CONVERSION = YES;
				GCC_WARN_ABOUT_RETURN_TYPE = YES_ERROR;
				GCC_WARN_UNDECLARED_SELECTOR = YES;
				GCC_WARN_UNINITIALIZED_AUTOS = YES_AGGRESSIVE;
				GCC_WARN_UNUSED_FUNCTION = YES;
				GCC_WARN_UNUSED_VARIABLE = YES;
				IPHONEOS_DEPLOYMENT_TARGET = 10.1;
				MTL_ENABLE_DEBUG_INFO = YES;
				ONLY_ACTIVE_ARCH = YES;
				SDKROOT = iphoneos;
				TARGETED_DEVICE_FAMILY = "1,2";
			};
			name = Debug;
		};
		DC1A8C611EA92D7A00E0DEC2 /* Release */ = {
			isa = XCBuildConfiguration;
			buildSettings = {
				ALWAYS_SEARCH_USER_PATHS = NO;
				CLANG_ANALYZER_NONNULL = YES;
				CLANG_CXX_LANGUAGE_STANDARD = "gnu++0x";
				CLANG_CXX_LIBRARY = "libc++";
				CLANG_ENABLE_MODULES = YES;
				CLANG_ENABLE_OBJC_ARC = YES;
				CLANG_WARN_BOOL_CONVERSION = YES;
				CLANG_WARN_CONSTANT_CONVERSION = YES;
				CLANG_WARN_DIRECT_OBJC_ISA_USAGE = YES_ERROR;
				CLANG_WARN_DOCUMENTATION_COMMENTS = YES;
				CLANG_WARN_EMPTY_BODY = YES;
				CLANG_WARN_ENUM_CONVERSION = YES;
				CLANG_WARN_INFINITE_RECURSION = YES;
				CLANG_WARN_INT_CONVERSION = YES;
				CLANG_WARN_OBJC_ROOT_CLASS = YES_ERROR;
				CLANG_WARN_SUSPICIOUS_MOVES = YES;
				CLANG_WARN_UNREACHABLE_CODE = YES;
				CLANG_WARN__DUPLICATE_METHOD_MATCH = YES;
				"CODE_SIGN_IDENTITY[sdk=iphoneos*]" = "iPhone Developer";
				COPY_PHASE_STRIP = NO;
				DEBUG_INFORMATION_FORMAT = "dwarf-with-dsym";
				ENABLE_NS_ASSERTIONS = NO;
				ENABLE_STRICT_OBJC_MSGSEND = YES;
				GCC_C_LANGUAGE_STANDARD = gnu99;
				GCC_NO_COMMON_BLOCKS = YES;
				GCC_WARN_64_TO_32_BIT_CONVERSION = YES;
				GCC_WARN_ABOUT_RETURN_TYPE = YES_ERROR;
				GCC_WARN_UNDECLARED_SELECTOR = YES;
				GCC_WARN_UNINITIALIZED_AUTOS = YES_AGGRESSIVE;
				GCC_WARN_UNUSED_FUNCTION = YES;
				GCC_WARN_UNUSED_VARIABLE = YES;
				IPHONEOS_DEPLOYMENT_TARGET = 10.1;
				MTL_ENABLE_DEBUG_INFO = NO;
				SDKROOT = iphoneos;
				TARGETED_DEVICE_FAMILY = "1,2";
				VALIDATE_PRODUCT = YES;
			};
			name = Release;
		};
		DC1A8C631EA92D7A00E0DEC2 /* Debug */ = {
			isa = XCBuildConfiguration;
			buildSettings = {
				ASSETCATALOG_COMPILER_APPICON_NAME = AppIcon;
				DEVELOPMENT_TEAM = 4PMQKT6K8N;
				INFOPLIST_FILE = SnakeGame/Info.plist;
				LD_RUNPATH_SEARCH_PATHS = "$(inherited) @executable_path/Frameworks";
				PRODUCT_BUNDLE_IDENTIFIER = ios.SnakeGame;
				PRODUCT_NAME = "$(TARGET_NAME)";
			};
			name = Debug;
		};
		DC1A8C641EA92D7A00E0DEC2 /* Release */ = {
			isa = XCBuildConfiguration;
			buildSettings = {
				ASSETCATALOG_COMPILER_APPICON_NAME = AppIcon;
				DEVELOPMENT_TEAM = 4PMQKT6K8N;
				INFOPLIST_FILE = SnakeGame/Info.plist;
				LD_RUNPATH_SEARCH_PATHS = "$(inherited) @executable_path/Frameworks";
				PRODUCT_BUNDLE_IDENTIFIER = ios.SnakeGame;
				PRODUCT_NAME = "$(TARGET_NAME)";
			};
			name = Release;
		};
		DC22DAA01F72C39800B8E85C /* Debug */ = {
			isa = XCBuildConfiguration;
			buildSettings = {
				BUNDLE_LOADER = "$(TEST_HOST)";
				CLANG_ANALYZER_NUMBER_OBJECT_CONVERSION = YES_AGGRESSIVE;
				CLANG_WARN_SUSPICIOUS_MOVE = YES;
				DEVELOPMENT_TEAM = 4PMQKT6K8N;
				INFOPLIST_FILE = SnakeGameTests/Info.plist;
				IPHONEOS_DEPLOYMENT_TARGET = 10.3;
				LD_RUNPATH_SEARCH_PATHS = "$(inherited) @executable_path/Frameworks @loader_path/Frameworks";
				PRODUCT_BUNDLE_IDENTIFIER = ios.SnakeGameTests;
				PRODUCT_NAME = "$(TARGET_NAME)";
				TEST_HOST = "$(BUILT_PRODUCTS_DIR)/SnakeGame.app/SnakeGame";
			};
			name = Debug;
		};
		DC22DAA11F72C39800B8E85C /* Release */ = {
			isa = XCBuildConfiguration;
			buildSettings = {
				BUNDLE_LOADER = "$(TEST_HOST)";
				CLANG_ANALYZER_NUMBER_OBJECT_CONVERSION = YES_AGGRESSIVE;
				CLANG_WARN_SUSPICIOUS_MOVE = YES;
				DEVELOPMENT_TEAM = 4PMQKT6K8N;
				INFOPLIST_FILE = SnakeGameTests/Info.plist;
				IPHONEOS_DEPLOYMENT_TARGET = 10.3;
				LD_RUNPATH_SEARCH_PATHS = "$(inherited) @executable_path/Frameworks @loader_path/Frameworks";
				PRODUCT_BUNDLE_IDENTIFIER = ios.SnakeGameTests;
				PRODUCT_NAME = "$(TARGET_NAME)";
				TEST_HOST = "$(BUILT_PRODUCTS_DIR)/SnakeGame.app/SnakeGame";
			};
			name = Release;
		};
/* End XCBuildConfiguration section */

/* Begin XCConfigurationList section */
		DC1A8C461EA92D7A00E0DEC2 /* Build configuration list for PBXProject "SnakeGame" */ = {
			isa = XCConfigurationList;
			buildConfigurations = (
				DC1A8C601EA92D7A00E0DEC2 /* Debug */,
				DC1A8C611EA92D7A00E0DEC2 /* Release */,
			);
			defaultConfigurationIsVisible = 0;
			defaultConfigurationName = Release;
		};
		DC1A8C621EA92D7A00E0DEC2 /* Build configuration list for PBXNativeTarget "SnakeGame" */ = {
			isa = XCConfigurationList;
			buildConfigurations = (
				DC1A8C631EA92D7A00E0DEC2 /* Debug */,
				DC1A8C641EA92D7A00E0DEC2 /* Release */,
			);
			defaultConfigurationIsVisible = 0;
			defaultConfigurationName = Release;
		};
		DC22DAA21F72C39800B8E85C /* Build configuration list for PBXNativeTarget "SnakeGameTests" */ = {
			isa = XCConfigurationList;
			buildConfigurations = (
				DC22DAA01F72C39800B8E85C /* Debug */,
				DC22DAA11F72C39800B8E85C /* Release */,
			);
			defaultConfigurationIsVisible = 0;
		};
/* End XCConfigurationList section */
	};
	rootObject = DC1A8C431EA92D7A00E0DEC2 /* Project object */;
}
